Microsoft Visual Studio Solution File, Format Version 12.00
# Visual Studio Version 17
VisualStudioVersion = 17.5.2.0
MinimumVisualStudioVersion = 10.0.40219.1
Project("{FAE04EC0-301F-11D3-BF4B-00C04F79EFBC}") = "GeziBlog.API", "GeziBlog.API.csproj", "{6F015A7D-4DC0-DF5C-CD2A-64D0142FDAA2}"
EndProject
Global
	GlobalSection(SolutionConfigurationPlatforms) = preSolution
		Debug|Any CPU = Debug|Any CPU
		Release|Any CPU = Release|Any CPU
	EndGlobalSection
	GlobalSection(ProjectConfigurationPlatforms) = postSolution
		{6F015A7D-4DC0-DF5C-CD2A-64D0142FDAA2}.Debug|Any CPU.ActiveCfg = Debug|Any CPU
		{6F015A7D-4DC0-DF5C-CD2A-64D0142FDAA2}.Debug|Any CPU.Build.0 = Debug|Any CPU
		{6F015A7D-4DC0-DF5C-CD2A-64D0142FDAA2}.Release|Any CPU.ActiveCfg = Release|Any CPU
		{6F015A7D-4DC0-DF5C-CD2A-64D0142FDAA2}.Release|Any CPU.Build.0 = Release|Any CPU
	EndGlobalSection
	GlobalSection(SolutionProperties) = preSolution
		HideSolutionNode = FALSE
	EndGlobalSection
	GlobalSection(ExtensibilityGlobals) = postSolution
		SolutionGuid = {0D8EAC82-FF50-45FB-87C2-0C918E8FD6B2}
	EndGlobalSection
EndGlobal
